// !$*UTF8*$!
{
	archiveVersion = 1;
	classes = {
	};
	objectVersion = 46;
	objects = {

/* Begin PBXBuildFile section */
		A93DF4231D73992F0028A997 /* main.m in Sources */ = {isa = PBXBuildFile; fileRef = A93DF4221D73992F0028A997 /* main.m */; };
		A93DF4261D73992F0028A997 /* AppDelegate.m in Sources */ = {isa = PBXBuildFile; fileRef = A93DF4251D73992F0028A997 /* AppDelegate.m */; };
		A93DF4291D73992F0028A997 /* ViewController.m in Sources */ = {isa = PBXBuildFile; fileRef = A93DF4281D73992F0028A997 /* ViewController.m */; };
		A93DF42C1D73992F0028A997 /* Main.storyboard in Resources */ = {isa = PBXBuildFile; fileRef = A93DF42A1D73992F0028A997 /* Main.storyboard */; };
		A93DF42E1D73992F0028A997 /* Assets.xcassets in Resources */ = {isa = PBXBuildFile; fileRef = A93DF42D1D73992F0028A997 /* Assets.xcassets */; };
		A93DF4311D73992F0028A997 /* LaunchScreen.storyboard in Resources */ = {isa = PBXBuildFile; fileRef = A93DF42F1D73992F0028A997 /* LaunchScreen.storyboard */; };
		A93DF4391D7399580028A997 /* MapKit.framework in Frameworks */ = {isa = PBXBuildFile; fileRef = A93DF4381D7399580028A997 /* MapKit.framework */; };
		A93DF43B1D73995F0028A997 /* UIKit.framework in Frameworks */ = {isa = PBXBuildFile; fileRef = A93DF43A1D73995F0028A997 /* UIKit.framework */; };
		A93DF43D1D7399660028A997 /* Foundation.framework in Frameworks */ = {isa = PBXBuildFile; fileRef = A93DF43C1D7399660028A997 /* Foundation.framework */; };
		A93DF4401D739A620028A997 /* CoreLocation.framework in Frameworks */ = {isa = PBXBuildFile; fileRef = A93DF43F1D739A620028A997 /* CoreLocation.framework */; };
		A93DF4431D739DD90028A997 /* Annotation.m in Sources */ = {isa = PBXBuildFile; fileRef = A93DF4421D739DD90028A997 /* Annotation.m */; };
		A93DF4461D73D23B0028A997 /* AttributedPolyline.m in Sources */ = {isa = PBXBuildFile; fileRef = A93DF4451D73D23B0028A997 /* AttributedPolyline.m */; };
		A93DF4491D73E39C0028A997 /* subView.m in Sources */ = {isa = PBXBuildFile; fileRef = A93DF4481D73E39C0028A997 /* subView.m */; };
		A93DF44F1D7521120028A997 /* overviewController.m in Sources */ = {isa = PBXBuildFile; fileRef = A93DF44E1D7521120028A997 /* overviewController.m */; };
/* End PBXBuildFile section */

/* Begin PBXFileReference section */
		A93DF41E1D73992E0028A997 /* Trail-Mapping.app */ = {isa = PBXFileReference; explicitFileType = wrapper.application; includeInIndex = 0; path = "Trail-Mapping.app"; sourceTree = BUILT_PRODUCTS_DIR; };
		A93DF4221D73992F0028A997 /* main.m */ = {isa = PBXFileReference; lastKnownFileType = sourcecode.c.objc; path = main.m; sourceTree = "<group>"; };
		A93DF4241D73992F0028A997 /* AppDelegate.h */ = {isa = PBXFileReference; lastKnownFileType = sourcecode.c.h; path = AppDelegate.h; sourceTree = "<group>"; };
		A93DF4251D73992F0028A997 /* AppDelegate.m */ = {isa = PBXFileReference; lastKnownFileType = sourcecode.c.objc; path = AppDelegate.m; sourceTree = "<group>"; };
		A93DF4271D73992F0028A997 /* ViewController.h */ = {isa = PBXFileReference; lastKnownFileType = sourcecode.c.h; path = ViewController.h; sourceTree = "<group>"; };
		A93DF4281D73992F0028A997 /* ViewController.m */ = {isa = PBXFileReference; lastKnownFileType = sourcecode.c.objc; path = ViewController.m; sourceTree = "<group>"; };
		A93DF42B1D73992F0028A997 /* Base */ = {isa = PBXFileReference; lastKnownFileType = file.storyboard; name = Base; path = Base.lproj/Main.storyboard; sourceTree = "<group>"; };
		A93DF42D1D73992F0028A997 /* Assets.xcassets */ = {isa = PBXFileReference; lastKnownFileType = folder.assetcatalog; path = Assets.xcassets; sourceTree = "<group>"; };
		A93DF4301D73992F0028A997 /* Base */ = {isa = PBXFileReference; lastKnownFileType = file.storyboard; name = Base; path = Base.lproj/LaunchScreen.storyboard; sourceTree = "<group>"; };
		A93DF4321D73992F0028A997 /* Info.plist */ = {isa = PBXFileReference; lastKnownFileType = text.plist.xml; path = Info.plist; sourceTree = "<group>"; };
		A93DF4381D7399580028A997 /* MapKit.framework */ = {isa = PBXFileReference; lastKnownFileType = wrapper.framework; name = MapKit.framework; path = System/Library/Frameworks/MapKit.framework; sourceTree = SDKROOT; };
		A93DF43A1D73995F0028A997 /* UIKit.framework */ = {isa = PBXFileReference; lastKnownFileType = wrapper.framework; name = UIKit.framework; path = System/Library/Frameworks/UIKit.framework; sourceTree = SDKROOT; };
		A93DF43C1D7399660028A997 /* Foundation.framework */ = {isa = PBXFileReference; lastKnownFileType = wrapper.framework; name = Foundation.framework; path = System/Library/Frameworks/Foundation.framework; sourceTree = SDKROOT; };
		A93DF43F1D739A620028A997 /* CoreLocation.framework */ = {isa = PBXFileReference; lastKnownFileType = wrapper.framework; name = CoreLocation.framework; path = System/Library/Frameworks/CoreLocation.framework; sourceTree = SDKROOT; };
		A93DF4411D739DD90028A997 /* Annotation.h */ = {isa = PBXFileReference; fileEncoding = 4; lastKnownFileType = sourcecode.c.h; path = Annotation.h; sourceTree = "<group>"; };
		A93DF4421D739DD90028A997 /* Annotation.m */ = {isa = PBXFileReference; fileEncoding = 4; lastKnownFileType = sourcecode.c.objc; path = Annotation.m; sourceTree = "<group>"; };
		A93DF4441D73D23B0028A997 /* AttributedPolyline.h */ = {isa = PBXFileReference; fileEncoding = 4; lastKnownFileType = sourcecode.c.h; path = AttributedPolyline.h; sourceTree = "<group>"; };
		A93DF4451D73D23B0028A997 /* AttributedPolyline.m */ = {isa = PBXFileReference; fileEncoding = 4; lastKnownFileType = sourcecode.c.objc; path = AttributedPolyline.m; sourceTree = "<group>"; };
		A93DF4471D73E39C0028A997 /* subView.h */ = {isa = PBXFileReference; fileEncoding = 4; lastKnownFileType = sourcecode.c.h; name = subView.h; path = "../../Pokemon Finder/Pokemon Finder/subView.h"; sourceTree = "<group>"; };
		A93DF4481D73E39C0028A997 /* subView.m */ = {isa = PBXFileReference; fileEncoding = 4; lastKnownFileType = sourcecode.c.objc; name = subView.m; path = "../../Pokemon Finder/Pokemon Finder/subView.m"; sourceTree = "<group>"; };
		A93DF44D1D7521120028A997 /* overviewController.h */ = {isa = PBXFileReference; fileEncoding = 4; lastKnownFileType = sourcecode.c.h; path = overviewController.h; sourceTree = "<group>"; };
		A93DF44E1D7521120028A997 /* overviewController.m */ = {isa = PBXFileReference; fileEncoding = 4; lastKnownFileType = sourcecode.c.objc; path = overviewController.m; sourceTree = "<group>"; };
/* End PBXFileReference section */

/* Begin PBXFrameworksBuildPhase section */
		A93DF41B1D73992E0028A997 /* Frameworks */ = {
			isa = PBXFrameworksBuildPhase;
			buildActionMask = 2147483647;
			files = (
				A93DF4401D739A620028A997 /* CoreLocation.framework in Frameworks */,
				A93DF43D1D7399660028A997 /* Foundation.framework in Frameworks */,
				A93DF43B1D73995F0028A997 /* UIKit.framework in Frameworks */,
				A93DF4391D7399580028A997 /* MapKit.framework in Frameworks */,
			);
			runOnlyForDeploymentPostprocessing = 0;
		};
/* End PBXFrameworksBuildPhase section */

/* Begin PBXGroup section */
		A93DF4151D73992D0028A997 = {
			isa = PBXGroup;
			children = (
				A93DF43E1D73996F0028A997 /* Frameworks */,
				A93DF4201D73992F0028A997 /* Trail-Mapping */,
				A93DF41F1D73992E0028A997 /* Products */,
			);
			sourceTree = "<group>";
		};
		A93DF41F1D73992E0028A997 /* Products */ = {
			isa = PBXGroup;
			children = (
				A93DF41E1D73992E0028A997 /* Trail-Mapping.app */,
			);
			name = Products;
			sourceTree = "<group>";
		};
		A93DF4201D73992F0028A997 /* Trail-Mapping */ = {
			isa = PBXGroup;
			children = (
				A93DF4241D73992F0028A997 /* AppDelegate.h */,
				A93DF4251D73992F0028A997 /* AppDelegate.m */,
				A93DF4271D73992F0028A997 /* ViewController.h */,
				A93DF4281D73992F0028A997 /* ViewController.m */,
				A93DF44D1D7521120028A997 /* overviewController.h */,
				A93DF44E1D7521120028A997 /* overviewController.m */,
				A93DF4471D73E39C0028A997 /* subView.h */,
				A93DF4481D73E39C0028A997 /* subView.m */,
				A93DF42A1D73992F0028A997 /* Main.storyboard */,
				A93DF42D1D73992F0028A997 /* Assets.xcassets */,
				A93DF42F1D73992F0028A997 /* LaunchScreen.storyboard */,
				A93DF4321D73992F0028A997 /* Info.plist */,
				A93DF4211D73992F0028A997 /* Supporting Files */,
				A93DF4411D739DD90028A997 /* Annotation.h */,
				A93DF4421D739DD90028A997 /* Annotation.m */,
				A93DF4441D73D23B0028A997 /* AttributedPolyline.h */,
				A93DF4451D73D23B0028A997 /* AttributedPolyline.m */,
			);
			path = "Trail-Mapping";
			sourceTree = "<group>";
		};
		A93DF4211D73992F0028A997 /* Supporting Files */ = {
			isa = PBXGroup;
			children = (
				A93DF4221D73992F0028A997 /* main.m */,
			);
			name = "Supporting Files";
			sourceTree = "<group>";
		};
		A93DF43E1D73996F0028A997 /* Frameworks */ = {
			isa = PBXGroup;
			children = (
				A93DF43F1D739A620028A997 /* CoreLocation.framework */,
				A93DF43C1D7399660028A997 /* Foundation.framework */,
				A93DF43A1D73995F0028A997 /* UIKit.framework */,
				A93DF4381D7399580028A997 /* MapKit.framework */,
			);
			name = Frameworks;
			sourceTree = "<group>";
		};
/* End PBXGroup section */

/* Begin PBXNativeTarget section */
		A93DF41D1D73992E0028A997 /* Trail-Mapping */ = {
			isa = PBXNativeTarget;
			buildConfigurationList = A93DF4351D73992F0028A997 /* Build configuration list for PBXNativeTarget "Trail-Mapping" */;
			buildPhases = (
				A93DF41A1D73992E0028A997 /* Sources */,
				A93DF41B1D73992E0028A997 /* Frameworks */,
				A93DF41C1D73992E0028A997 /* Resources */,
			);
			buildRules = (
			);
			dependencies = (
			);
			name = "Trail-Mapping";
			productName = "Trail-Mapping";
			productReference = A93DF41E1D73992E0028A997 /* Trail-Mapping.app */;
			productType = "com.apple.product-type.application";
		};
/* End PBXNativeTarget section */

/* Begin PBXProject section */
		A93DF4161D73992D0028A997 /* Project object */ = {
			isa = PBXProject;
			attributes = {
				LastUpgradeCheck = 0730;
				ORGANIZATIONNAME = "Michael Heirendt";
				TargetAttributes = {
					A93DF41D1D73992E0028A997 = {
						CreatedOnToolsVersion = 7.3.1;
						DevelopmentTeam = SX8TK3HB38;
					};
				};
			};
			buildConfigurationList = A93DF4191D73992D0028A997 /* Build configuration list for PBXProject "Trail-Mapping" */;
			compatibilityVersion = "Xcode 3.2";
			developmentRegion = English;
			hasScannedForEncodings = 0;
			knownRegions = (
				en,
				Base,
			);
			mainGroup = A93DF4151D73992D0028A997;
			productRefGroup = A93DF41F1D73992E0028A997 /* Products */;
			projectDirPath = "";
			projectRoot = "";
			targets = (
				A93DF41D1D73992E0028A997 /* Trail-Mapping */,
			);
		};
/* End PBXProject section */

/* Begin PBXResourcesBuildPhase section */
		A93DF41C1D73992E0028A997 /* Resources */ = {
			isa = PBXResourcesBuildPhase;
			buildActionMask = 2147483647;
			files = (
				A93DF4311D73992F0028A997 /* LaunchScreen.storyboard in Resources */,
				A93DF42E1D73992F0028A997 /* Assets.xcassets in Resources */,
				A93DF42C1D73992F0028A997 /* Main.storyboard in Resources */,
			);
			runOnlyForDeploymentPostprocessing = 0;
		};
/* End PBXResourcesBuildPhase section */

/* Begin PBXSourcesBuildPhase section */
		A93DF41A1D73992E0028A997 /* Sources */ = {
			isa = PBXSourcesBuildPhase;
			buildActionMask = 2147483647;
			files = (
				A93DF4291D73992F0028A997 /* ViewController.m in Sources */,
				A93DF4491D73E39C0028A997 /* subView.m in Sources */,
				A93DF4261D73992F0028A997 /* AppDelegate.m in Sources */,
				A93DF4431D739DD90028A997 /* Annotation.m in Sources */,
				A93DF4231D73992F0028A997 /* main.m in Sources */,
				A93DF44F1D7521120028A997 /* overviewController.m in Sources */,
				A93DF4461D73D23B0028A997 /* AttributedPolyline.m in Sources */,
			);
			runOnlyForDeploymentPostprocessing = 0;
		};
/* End PBXSourcesBuildPhase section */

/* Begin PBXVariantGroup section */
		A93DF42A1D73992F0028A997 /* Main.storyboard */ = {
			isa = PBXVariantGroup;
			children = (
				A93DF42B1D73992F0028A997 /* Base */,
			);
			name = Main.storyboard;
			sourceTree = "<group>";
		};
		A93DF42F1D73992F0028A997 /* LaunchScreen.storyboard */ = {
			isa = PBXVariantGroup;
			children = (
				A93DF4301D73992F0028A997 /* Base */,
			);
			name = LaunchScreen.storyboard;
			sourceTree = "<group>";
		};
/* End PBXVariantGroup section */

/* Begin XCBuildConfiguration section */
		A93DF4331D73992F0028A997 /* Debug */ = {
			isa = XCBuildConfiguration;
			buildSettings = {
				ALWAYS_SEARCH_USER_PATHS = NO;
				CLANG_ANALYZER_NONNULL = YES;
				CLANG_CXX_LANGUAGE_STANDARD = "gnu++0x";
				CLANG_CXX_LIBRARY = "libc++";
				CLANG_ENABLE_MODULES = YES;
				CLANG_ENABLE_OBJC_ARC = YES;
				CLANG_WARN_BOOL_CONVERSION = YES;
				CLANG_WARN_CONSTANT_CONVERSION = YES;
				CLANG_WARN_DIRECT_OBJC_ISA_USAGE = YES_ERROR;
				CLANG_WARN_EMPTY_BODY = YES;
				CLANG_WARN_ENUM_CONVERSION = YES;
				CLANG_WARN_INT_CONVERSION = YES;
				CLANG_WARN_OBJC_ROOT_CLASS = YES_ERROR;
				CLANG_WARN_UNREACHABLE_CODE = YES;
				CLANG_WARN__DUPLICATE_METHOD_MATCH = YES;
				"CODE_SIGN_IDENTITY[sdk=iphoneos*]" = "iPhone Developer";
				COPY_PHASE_STRIP = NO;
				DEBUG_INFORMATION_FORMAT = dwarf;
				ENABLE_STRICT_OBJC_MSGSEND = YES;
				ENABLE_TESTABILITY = YES;
				GCC_C_LANGUAGE_STANDARD = gnu99;
				GCC_DYNAMIC_NO_PIC = NO;
				GCC_NO_COMMON_BLOCKS = YES;
				GCC_OPTIMIZATION_LEVEL = 0;
				GCC_PREPROCESSOR_DEFINITIONS = (
					"DEBUG=1",
					"$(inherited)",
				);
				GCC_WARN_64_TO_32_BIT_CONVERSION = YES;
				GCC_WARN_ABOUT_RETURN_TYPE = YES_ERROR;
				GCC_WARN_UNDECLARED_SELECTOR = YES;
				GCC_WARN_UNINITIALIZED_AUTOS = YES_AGGRESSIVE;
				GCC_WARN_UNUSED_FUNCTION = YES;
				GCC_WARN_UNUSED_VARIABLE = YES;
				IPHONEOS_DEPLOYMENT_TARGET = 9.3;
				MTL_ENABLE_DEBUG_INFO = YES;
				ONLY_ACTIVE_ARCH = YES;
				SDKROOT = iphoneos;
			};
			name = Debug;
		};
		A93DF4341D73992F0028A997 /* Release */ = {
			isa = XCBuildConfiguration;
			buildSettings = {
				ALWAYS_SEARCH_USER_PATHS = NO;
				CLANG_ANALYZER_NONNULL = YES;
				CLANG_CXX_LANGUAGE_STANDARD = "gnu++0x";
				CLANG_CXX_LIBRARY = "libc++";
				CLANG_ENABLE_MODULES = YES;
				CLANG_ENABLE_OBJC_ARC = YES;
				CLANG_WARN_BOOL_CONVERSION = YES;
				CLANG_WARN_CONSTANT_CONVERSION = YES;
				CLANG_WARN_DIRECT_OBJC_ISA_USAGE = YES_ERROR;
				CLANG_WARN_EMPTY_BODY = YES;
				CLANG_WARN_ENUM_CONVERSION = YES;
				CLANG_WARN_INT_CONVERSION = YES;
				CLANG_WARN_OBJC_ROOT_CLASS = YES_ERROR;
				CLANG_WARN_UNREACHABLE_CODE = YES;
				CLANG_WARN__DUPLICATE_METHOD_MATCH = YES;
				"CODE_SIGN_IDENTITY[sdk=iphoneos*]" = "iPhone Developer";
				COPY_PHASE_STRIP = NO;
				DEBUG_INFORMATION_FORMAT = "dwarf-with-dsym";
				ENABLE_NS_ASSERTIONS = NO;
				ENABLE_STRICT_OBJC_MSGSEND = YES;
				GCC_C_LANGUAGE_STANDARD = gnu99;
				GCC_NO_COMMON_BLOCKS = YES;
				GCC_WARN_64_TO_32_BIT_CONVERSION = YES;
				GCC_WARN_ABOUT_RETURN_TYPE = YES_ERROR;
				GCC_WARN_UNDECLARED_SELECTOR = YES;
				GCC_WARN_UNINITIALIZED_AUTOS = YES_AGGRESSIVE;
				GCC_WARN_UNUSED_FUNCTION = YES;
				GCC_WARN_UNUSED_VARIABLE = YES;
				IPHONEOS_DEPLOYMENT_TARGET = 9.3;
				MTL_ENABLE_DEBUG_INFO = NO;
				SDKROOT = iphoneos;
				VALIDATE_PRODUCT = YES;
			};
			name = Release;
		};
		A93DF4361D73992F0028A997 /* Debug */ = {
			isa = XCBuildConfiguration;
			buildSettings = {
				ASSETCATALOG_COMPILER_APPICON_NAME = AppIcon;
				INFOPLIST_FILE = "Trail-Mapping/Info.plist";
				LD_RUNPATH_SEARCH_PATHS = "$(inherited) @executable_path/Frameworks";
				PRODUCT_BUNDLE_IDENTIFIER = "com.mheirendt.Trail-Mapping";
				PRODUCT_NAME = "$(TARGET_NAME)";
			};
			name = Debug;
		};
		A93DF4371D73992F0028A997 /* Release */ = {
			isa = XCBuildConfiguration;
			buildSettings = {
				ASSETCATALOG_COMPILER_APPICON_NAME = AppIcon;
				INFOPLIST_FILE = "Trail-Mapping/Info.plist";
				LD_RUNPATH_SEARCH_PATHS = "$(inherited) @executable_path/Frameworks";
				PRODUCT_BUNDLE_IDENTIFIER = "com.mheirendt.Trail-Mapping";
				PRODUCT_NAME = "$(TARGET_NAME)";
			};
			name = Release;
		};
/* End XCBuildConfiguration section */

/* Begin XCConfigurationList section */
		A93DF4191D73992D0028A997 /* Build configuration list for PBXProject "Trail-Mapping" */ = {
			isa = XCConfigurationList;
			buildConfigurations = (
				A93DF4331D73992F0028A997 /* Debug */,
				A93DF4341D73992F0028A997 /* Release */,
			);
			defaultConfigurationIsVisible = 0;
			defaultConfigurationName = Release;
		};
		A93DF4351D73992F0028A997 /* Build configuration list for PBXNativeTarget "Trail-Mapping" */ = {
			isa = XCConfigurationList;
			buildConfigurations = (
				A93DF4361D73992F0028A997 /* Debug */,
				A93DF4371D73992F0028A997 /* Release */,
			);
			defaultConfigurationIsVisible = 0;
			defaultConfigurationName = Release;
		};
/* End XCConfigurationList section */
	};
	rootObject = A93DF4161D73992D0028A997 /* Project object */;
}
